// !$*UTF8*$!
{
	archiveVersion = 1;
	classes = {
	};
	objectVersion = 77;
	objects = {

/* Begin PBXContainerItemProxy section */
		7F8499462D79C6D900D5D9A7 /* PBXContainerItemProxy */ = {
			isa = PBXContainerItemProxy;
			containerPortal = 7F84992C2D79C6D600D5D9A7 /* Project object */;
			proxyType = 1;
			remoteGlobalIDString = 7F8499332D79C6D600D5D9A7;
			remoteInfo = MyInvoiceApp;
		};
		7F8499502D79C6D900D5D9A7 /* PBXContainerItemProxy */ = {
			isa = PBXContainerItemProxy;
			containerPortal = 7F84992C2D79C6D600D5D9A7 /* Project object */;
			proxyType = 1;
			remoteGlobalIDString = 7F8499332D79C6D600D5D9A7;
			remoteInfo = MyInvoiceApp;
		};
/* End PBXContainerItemProxy section */

/* Begin PBXFileReference section */
		7F8499342D79C6D600D5D9A7 /* MyInvoiceApp.app */ = {isa = PBXFileReference; explicitFileType = wrapper.application; includeInIndex = 0; path = MyInvoiceApp.app; sourceTree = BUILT_PRODUCTS_DIR; };
		7F8499452D79C6D900D5D9A7 /* MyInvoiceAppTests.xctest */ = {isa = PBXFileReference; explicitFileType = wrapper.cfbundle; includeInIndex = 0; path = MyInvoiceAppTests.xctest; sourceTree = BUILT_PRODUCTS_DIR; };
		7F84994F2D79C6D900D5D9A7 /* MyInvoiceAppUITests.xctest */ = {isa = PBXFileReference; explicitFileType = wrapper.cfbundle; includeInIndex = 0; path = MyInvoiceAppUITests.xctest; sourceTree = BUILT_PRODUCTS_DIR; };
/* End PBXFileReference section */

/* Begin PBXFileSystemSynchronizedRootGroup section */
		7F3F97D32D7A4A9D00516DB6 /* Resources */ = {
			isa = PBXFileSystemSynchronizedRootGroup;
			name = Resources;
			path = MyInvoiceApp/Resources;
			sourceTree = "<group>";
		};
		7F8499362D79C6D600D5D9A7 /* MyInvoiceApp */ = {
			isa = PBXFileSystemSynchronizedRootGroup;
			path = MyInvoiceApp;
			sourceTree = "<group>";
		};
		7F8499482D79C6D900D5D9A7 /* MyInvoiceAppTests */ = {
			isa = PBXFileSystemSynchronizedRootGroup;
			path = MyInvoiceAppTests;
			sourceTree = "<group>";
		};
		7F8499522D79C6D900D5D9A7 /* MyInvoiceAppUITests */ = {
			isa = PBXFileSystemSynchronizedRootGroup;
			path = MyInvoiceAppUITests;
			sourceTree = "<group>";
		};
/* End PBXFileSystemSynchronizedRootGroup section */

/* Begin PBXFrameworksBuildPhase section */
		7F8499312D79C6D600D5D9A7 /* Frameworks */ = {
			isa = PBXFrameworksBuildPhase;
			buildActionMask = 2147483647;
			files = (
			);
			runOnlyForDeploymentPostprocessing = 0;
		};
		7F8499422D79C6D900D5D9A7 /* Frameworks */ = {
			isa = PBXFrameworksBuildPhase;
			buildActionMask = 2147483647;
			files = (
			);
			runOnlyForDeploymentPostprocessing = 0;
		};
		7F84994C2D79C6D900D5D9A7 /* Frameworks */ = {
			isa = PBXFrameworksBuildPhase;
			buildActionMask = 2147483647;
			files = (
			);
			runOnlyForDeploymentPostprocessing = 0;
		};
/* End PBXFrameworksBuildPhase section */

/* Begin PBXGroup section */
		7F84992B2D79C6D600D5D9A7 = {
			isa = PBXGroup;
			children = (
				7F3F97D32D7A4A9D00516DB6 /* Resources */,
				7F8499362D79C6D600D5D9A7 /* MyInvoiceApp */,
				7F8499482D79C6D900D5D9A7 /* MyInvoiceAppTests */,
				7F8499522D79C6D900D5D9A7 /* MyInvoiceAppUITests */,
				7F8499352D79C6D600D5D9A7 /* Products */,
			);
			sourceTree = "<group>";
		};
		7F8499352D79C6D600D5D9A7 /* Products */ = {
			isa = PBXGroup;
			children = (
				7F8499342D79C6D600D5D9A7 /* MyInvoiceApp.app */,
				7F8499452D79C6D900D5D9A7 /* MyInvoiceAppTests.xctest */,
				7F84994F2D79C6D900D5D9A7 /* MyInvoiceAppUITests.xctest */,
			);
			name = Products;
			sourceTree = "<group>";
		};
/* End PBXGroup section */

/* Begin PBXNativeTarget section */
		7F8499332D79C6D600D5D9A7 /* MyInvoiceApp */ = {
			isa = PBXNativeTarget;
			buildConfigurationList = 7F8499592D79C6D900D5D9A7 /* Build configuration list for PBXNativeTarget "MyInvoiceApp" */;
			buildPhases = (
				7F8499302D79C6D600D5D9A7 /* Sources */,
				7F8499312D79C6D600D5D9A7 /* Frameworks */,
				7F8499322D79C6D600D5D9A7 /* Resources */,
			);
			buildRules = (
			);
			dependencies = (
			);
			fileSystemSynchronizedGroups = (
				7F8499362D79C6D600D5D9A7 /* MyInvoiceApp */,
			);
			name = MyInvoiceApp;
			packageProductDependencies = (
			);
			productName = MyInvoiceApp;
			productReference = 7F8499342D79C6D600D5D9A7 /* MyInvoiceApp.app */;
			productType = "com.apple.product-type.application";
		};
		7F8499442D79C6D900D5D9A7 /* MyInvoiceAppTests */ = {
			isa = PBXNativeTarget;
			buildConfigurationList = 7F84995C2D79C6D900D5D9A7 /* Build configuration list for PBXNativeTarget "MyInvoiceAppTests" */;
			buildPhases = (
				7F8499412D79C6D900D5D9A7 /* Sources */,
				7F8499422D79C6D900D5D9A7 /* Frameworks */,
				7F8499432D79C6D900D5D9A7 /* Resources */,
			);
			buildRules = (
			);
			dependencies = (
				7F8499472D79C6D900D5D9A7 /* PBXTargetDependency */,
			);
			fileSystemSynchronizedGroups = (
				7F8499482D79C6D900D5D9A7 /* MyInvoiceAppTests */,
			);
			name = MyInvoiceAppTests;
			packageProductDependencies = (
			);
			productName = MyInvoiceAppTests;
			productReference = 7F8499452D79C6D900D5D9A7 /* MyInvoiceAppTests.xctest */;
			productType = "com.apple.product-type.bundle.unit-test";
		};
		7F84994E2D79C6D900D5D9A7 /* MyInvoiceAppUITests */ = {
			isa = PBXNativeTarget;
			buildConfigurationList = 7F84995F2D79C6D900D5D9A7 /* Build configuration list for PBXNativeTarget "MyInvoiceAppUITests" */;
			buildPhases = (
				7F84994B2D79C6D900D5D9A7 /* Sources */,
				7F84994C2D79C6D900D5D9A7 /* Frameworks */,
				7F84994D2D79C6D900D5D9A7 /* Resources */,
			);
			buildRules = (
			);
			dependencies = (
				7F8499512D79C6D900D5D9A7 /* PBXTargetDependency */,
			);
			fileSystemSynchronizedGroups = (
				7F8499522D79C6D900D5D9A7 /* MyInvoiceAppUITests */,
			);
			name = MyInvoiceAppUITests;
			packageProductDependencies = (
			);
			productName = MyInvoiceAppUITests;
			productReference = 7F84994F2D79C6D900D5D9A7 /* MyInvoiceAppUITests.xctest */;
			productType = "com.apple.product-type.bundle.ui-testing";
		};
/* End PBXNativeTarget section */

/* Begin PBXProject section */
		7F84992C2D79C6D600D5D9A7 /* Project object */ = {
			isa = PBXProject;
			attributes = {
				BuildIndependentTargetsInParallel = 1;
				LastSwiftUpdateCheck = 1620;
				LastUpgradeCheck = 1620;
				TargetAttributes = {
					7F8499332D79C6D600D5D9A7 = {
						CreatedOnToolsVersion = 16.2;
					};
					7F8499442D79C6D900D5D9A7 = {
						CreatedOnToolsVersion = 16.2;
						TestTargetID = 7F8499332D79C6D600D5D9A7;
					};
					7F84994E2D79C6D900D5D9A7 = {
						CreatedOnToolsVersion = 16.2;
						TestTargetID = 7F8499332D79C6D600D5D9A7;
					};
				};
			};
			buildConfigurationList = 7F84992F2D79C6D600D5D9A7 /* Build configuration list for PBXProject "MyInvoiceApp" */;
			developmentRegion = en;
			hasScannedForEncodings = 0;
			knownRegions = (
				en,
				Base,
			);
			mainGroup = 7F84992B2D79C6D600D5D9A7;
			minimizedProjectReferenceProxies = 1;
			packageReferences = (
			);
			preferredProjectObjectVersion = 77;
			productRefGroup = 7F8499352D79C6D600D5D9A7 /* Products */;
			projectDirPath = "";
			projectRoot = "";
			targets = (
				7F8499332D79C6D600D5D9A7 /* MyInvoiceApp */,
				7F8499442D79C6D900D5D9A7 /* MyInvoiceAppTests */,
				7F84994E2D79C6D900D5D9A7 /* MyInvoiceAppUITests */,
			);
		};
/* End PBXProject section */

/* Begin PBXResourcesBuildPhase section */
		7F8499322D79C6D600D5D9A7 /* Resources */ = {
			isa = PBXResourcesBuildPhase;
			buildActionMask = 2147483647;
			files = (
			);
			runOnlyForDeploymentPostprocessing = 0;
		};
		7F8499432D79C6D900D5D9A7 /* Resources */ = {
			isa = PBXResourcesBuildPhase;
			buildActionMask = 2147483647;
			files = (
			);
			runOnlyForDeploymentPostprocessing = 0;
		};
		7F84994D2D79C6D900D5D9A7 /* Resources */ = {
			isa = PBXResourcesBuildPhase;
			buildActionMask = 2147483647;
			files = (
			);
			runOnlyForDeploymentPostprocessing = 0;
		};
/* End PBXResourcesBuildPhase section */

/* Begin PBXSourcesBuildPhase section */
		7F8499302D79C6D600D5D9A7 /* Sources */ = {
			isa = PBXSourcesBuildPhase;
			buildActionMask = 2147483647;
			files = (
			);
			runOnlyForDeploymentPostprocessing = 0;
		};
		7F8499412D79C6D900D5D9A7 /* Sources */ = {
			isa = PBXSourcesBuildPhase;
			buildActionMask = 2147483647;
			files = (
			);
			runOnlyForDeploymentPostprocessing = 0;
		};
		7F84994B2D79C6D900D5D9A7 /* Sources */ = {
			isa = PBXSourcesBuildPhase;
			buildActionMask = 2147483647;
			files = (
			);
			runOnlyForDeploymentPostprocessing = 0;
		};
/* End PBXSourcesBuildPhase section */

/* Begin PBXTargetDependency section */
		7F8499472D79C6D900D5D9A7 /* PBXTargetDependency */ = {
			isa = PBXTargetDependency;
			target = 7F8499332D79C6D600D5D9A7 /* MyInvoiceApp */;
			targetProxy = 7F8499462D79C6D900D5D9A7 /* PBXContainerItemProxy */;
		};
		7F8499512D79C6D900D5D9A7 /* PBXTargetDependency */ = {
			isa = PBXTargetDependency;
			target = 7F8499332D79C6D600D5D9A7 /* MyInvoiceApp */;
			targetProxy = 7F8499502D79C6D900D5D9A7 /* PBXContainerItemProxy */;
		};
/* End PBXTargetDependency section */

/* Begin XCBuildConfiguration section */
		7F8499572D79C6D900D5D9A7 /* Debug */ = {
			isa = XCBuildConfiguration;
			buildSettings = {
				ALWAYS_SEARCH_USER_PATHS = NO;
				ASSETCATALOG_COMPILER_GENERATE_SWIFT_ASSET_SYMBOL_EXTENSIONS = YES;
				CLANG_ANALYZER_NONNULL = YES;
				CLANG_ANALYZER_NUMBER_OBJECT_CONVERSION = YES_AGGRESSIVE;
				CLANG_CXX_LANGUAGE_STANDARD = "gnu++20";
				CLANG_ENABLE_MODULES = YES;
				CLANG_ENABLE_OBJC_ARC = YES;
				CLANG_ENABLE_OBJC_WEAK = YES;
				CLANG_WARN_BLOCK_CAPTURE_AUTORELEASING = YES;
				CLANG_WARN_BOOL_CONVERSION = YES;
				CLANG_WARN_COMMA = YES;
				CLANG_WARN_CONSTANT_CONVERSION = YES;
				CLANG_WARN_DEPRECATED_OBJC_IMPLEMENTATIONS = YES;
				CLANG_WARN_DIRECT_OBJC_ISA_USAGE = YES_ERROR;
				CLANG_WARN_DOCUMENTATION_COMMENTS = YES;
				CLANG_WARN_EMPTY_BODY = YES;
				CLANG_WARN_ENUM_CONVERSION = YES;
				CLANG_WARN_INFINITE_RECURSION = YES;
				CLANG_WARN_INT_CONVERSION = YES;
				CLANG_WARN_NON_LITERAL_NULL_CONVERSION = YES;
				CLANG_WARN_OBJC_IMPLICIT_RETAIN_SELF = YES;
				CLANG_WARN_OBJC_LITERAL_CONVERSION = YES;
				CLANG_WARN_OBJC_ROOT_CLASS = YES_ERROR;
				CLANG_WARN_QUOTED_INCLUDE_IN_FRAMEWORK_HEADER = YES;
				CLANG_WARN_RANGE_LOOP_ANALYSIS = YES;
				CLANG_WARN_STRICT_PROTOTYPES = YES;
				CLANG_WARN_SUSPICIOUS_MOVE = YES;
				CLANG_WARN_UNGUARDED_AVAILABILITY = YES_AGGRESSIVE;
				CLANG_WARN_UNREACHABLE_CODE = YES;
				CLANG_WARN__DUPLICATE_METHOD_MATCH = YES;
				COPY_PHASE_STRIP = NO;
				DEBUG_INFORMATION_FORMAT = dwarf;
				ENABLE_STRICT_OBJC_MSGSEND = YES;
				ENABLE_TESTABILITY = YES;
				ENABLE_USER_SCRIPT_SANDBOXING = YES;
				GCC_C_LANGUAGE_STANDARD = gnu17;
				GCC_DYNAMIC_NO_PIC = NO;
				GCC_NO_COMMON_BLOCKS = YES;
				GCC_OPTIMIZATION_LEVEL = 0;
				GCC_PREPROCESSOR_DEFINITIONS = (
					"DEBUG=1",
					"$(inherited)",
				);
				GCC_WARN_64_TO_32_BIT_CONVERSION = YES;
				GCC_WARN_ABOUT_RETURN_TYPE = YES_ERROR;
				GCC_WARN_UNDECLARED_SELECTOR = YES;
				GCC_WARN_UNINITIALIZED_AUTOS = YES_AGGRESSIVE;
				GCC_WARN_UNUSED_FUNCTION = YES;
				GCC_WARN_UNUSED_VARIABLE = YES;
				LOCALIZATION_PREFERS_STRING_CATALOGS = YES;
				MACOSX_DEPLOYMENT_TARGET = 15.2;
				MTL_ENABLE_DEBUG_INFO = INCLUDE_SOURCE;
				MTL_FAST_MATH = YES;
				ONLY_ACTIVE_ARCH = YES;
				SDKROOT = macosx;
				SWIFT_ACTIVE_COMPILATION_CONDITIONS = "DEBUG $(inherited)";
				SWIFT_OPTIMIZATION_LEVEL = "-Onone";
			};
			name = Debug;
		};
		7F8499582D79C6D900D5D9A7 /* Release */ = {
			isa = XCBuildConfiguration;
			buildSettings = {
				ALWAYS_SEARCH_USER_PATHS = NO;
				ASSETCATALOG_COMPILER_GENERATE_SWIFT_ASSET_SYMBOL_EXTENSIONS = YES;
				CLANG_ANALYZER_NONNULL = YES;
				CLANG_ANALYZER_NUMBER_OBJECT_CONVERSION = YES_AGGRESSIVE;
				CLANG_CXX_LANGUAGE_STANDARD = "gnu++20";
				CLANG_ENABLE_MODULES = YES;
				CLANG_ENABLE_OBJC_ARC = YES;
				CLANG_ENABLE_OBJC_WEAK = YES;
				CLANG_WARN_BLOCK_CAPTURE_AUTORELEASING = YES;
				CLANG_WARN_BOOL_CONVERSION = YES;
				CLANG_WARN_COMMA = YES;
				CLANG_WARN_CONSTANT_CONVERSION = YES;
				CLANG_WARN_DEPRECATED_OBJC_IMPLEMENTATIONS = YES;
				CLANG_WARN_DIRECT_OBJC_ISA_USAGE = YES_ERROR;
				CLANG_WARN_DOCUMENTATION_COMMENTS = YES;
				CLANG_WARN_EMPTY_BODY = YES;
				CLANG_WARN_ENUM_CONVERSION = YES;
				CLANG_WARN_INFINITE_RECURSION = YES;
				CLANG_WARN_INT_CONVERSION = YES;
				CLANG_WARN_NON_LITERAL_NULL_CONVERSION = YES;
				CLANG_WARN_OBJC_IMPLICIT_RETAIN_SELF = YES;
				CLANG_WARN_OBJC_LITERAL_CONVERSION = YES;
				CLANG_WARN_OBJC_ROOT_CLASS = YES_ERROR;
				CLANG_WARN_QUOTED_INCLUDE_IN_FRAMEWORK_HEADER = YES;
				CLANG_WARN_RANGE_LOOP_ANALYSIS = YES;
				CLANG_WARN_STRICT_PROTOTYPES = YES;
				CLANG_WARN_SUSPICIOUS_MOVE = YES;
				CLANG_WARN_UNGUARDED_AVAILABILITY = YES_AGGRESSIVE;
				CLANG_WARN_UNREACHABLE_CODE = YES;
				CLANG_WARN__DUPLICATE_METHOD_MATCH = YES;
				COPY_PHASE_STRIP = NO;
				DEBUG_INFORMATION_FORMAT = "dwarf-with-dsym";
				ENABLE_NS_ASSERTIONS = NO;
				ENABLE_STRICT_OBJC_MSGSEND = YES;
				ENABLE_USER_SCRIPT_SANDBOXING = YES;
				GCC_C_LANGUAGE_STANDARD = gnu17;
				GCC_NO_COMMON_BLOCKS = YES;
				GCC_WARN_64_TO_32_BIT_CONVERSION = YES;
				GCC_WARN_ABOUT_RETURN_TYPE = YES_ERROR;
				GCC_WARN_UNDECLARED_SELECTOR = YES;
				GCC_WARN_UNINITIALIZED_AUTOS = YES_AGGRESSIVE;
				GCC_WARN_UNUSED_FUNCTION = YES;
				GCC_WARN_UNUSED_VARIABLE = YES;
				LOCALIZATION_PREFERS_STRING_CATALOGS = YES;
				MACOSX_DEPLOYMENT_TARGET = 15.2;
				MTL_ENABLE_DEBUG_INFO = NO;
				MTL_FAST_MATH = YES;
				SDKROOT = macosx;
				SWIFT_COMPILATION_MODE = wholemodule;
			};
			name = Release;
		};
		7F84995A2D79C6D900D5D9A7 /* Debug */ = {
			isa = XCBuildConfiguration;
			buildSettings = {
				ASSETCATALOG_COMPILER_APPICON_NAME = AppIcon;
				ASSETCATALOG_COMPILER_GLOBAL_ACCENT_COLOR_NAME = AccentColor;
				CODE_SIGN_ENTITLEMENTS = MyInvoiceApp/MyInvoiceApp.entitlements;
				"CODE_SIGN_IDENTITY[sdk=macosx*]" = "Apple Development";
				CODE_SIGN_STYLE = Automatic;
				COMBINE_HIDPI_IMAGES = YES;
				CURRENT_PROJECT_VERSION = 4;
				DEVELOPMENT_ASSET_PATHS = "\"MyInvoiceApp/Preview Content\"";
				DEVELOPMENT_TEAM = 6U988V44QP;
				ENABLE_PREVIEWS = YES;
				GENERATE_INFOPLIST_FILE = YES;
				INFOPLIST_KEY_CFBundleDisplayName = "TuAsistentedeFacturacionBWT ©";
				INFOPLIST_KEY_LSApplicationCategoryType = "public.app-category.finance";
				INFOPLIST_KEY_NSHumanReadableCopyright = "";
				LD_RUNPATH_SEARCH_PATHS = (
					"$(inherited)",
					"@executable_path/../Frameworks",
				);
				MACOSX_DEPLOYMENT_TARGET = 15.0;
				MARKETING_VERSION = 4.0;
				PRODUCT_BUNDLE_IDENTIFIER = com.bwt.MyInvoiceApp;
				PRODUCT_NAME = "$(TARGET_NAME)";
				SWIFT_EMIT_LOC_STRINGS = YES;
				SWIFT_VERSION = 5.0;
			};
			name = Debug;
		};
		7F84995B2D79C6D900D5D9A7 /* Release */ = {
			isa = XCBuildConfiguration;
			buildSettings = {
				ASSETCATALOG_COMPILER_APPICON_NAME = AppIcon;
				ASSETCATALOG_COMPILER_GLOBAL_ACCENT_COLOR_NAME = AccentColor;
				CODE_SIGN_ENTITLEMENTS = MyInvoiceApp/MyInvoiceAppRelease.entitlements;
				"CODE_SIGN_IDENTITY[sdk=macosx*]" = "Apple Development";
				CODE_SIGN_STYLE = Automatic;
				COMBINE_HIDPI_IMAGES = YES;
				CURRENT_PROJECT_VERSION = 4;
				DEVELOPMENT_ASSET_PATHS = "\"MyInvoiceApp/Preview Content\"";
				DEVELOPMENT_TEAM = 6U988V44QP;
				ENABLE_HARDENED_RUNTIME = YES;
				ENABLE_PREVIEWS = YES;
				GENERATE_INFOPLIST_FILE = YES;
				INFOPLIST_KEY_CFBundleDisplayName = "TuAsistentedeFacturacionBWT ©";
				INFOPLIST_KEY_LSApplicationCategoryType = "public.app-category.finance";
				INFOPLIST_KEY_NSHumanReadableCopyright = "";
				LD_RUNPATH_SEARCH_PATHS = (
					"$(inherited)",
					"@executable_path/../Frameworks",
				);
				MACOSX_DEPLOYMENT_TARGET = 15.0;
				MARKETING_VERSION = 4.0;
				PRODUCT_BUNDLE_IDENTIFIER = com.bwt.MyInvoiceApp;
				PRODUCT_NAME = "$(TARGET_NAME)";
				SWIFT_EMIT_LOC_STRINGS = YES;
				SWIFT_VERSION = 5.0;
			};
			name = Release;
		};
		7F84995D2D79C6D900D5D9A7 /* Debug */ = {
			isa = XCBuildConfiguration;
			buildSettings = {
				BUNDLE_LOADER = "$(TEST_HOST)";
				CODE_SIGN_STYLE = Automatic;
				CURRENT_PROJECT_VERSION = 1;
				GENERATE_INFOPLIST_FILE = YES;
				MACOSX_DEPLOYMENT_TARGET = 15.2;
				MARKETING_VERSION = 1.0;
				PRODUCT_BUNDLE_IDENTIFIER = com.bwt.MyInvoiceAppTests;
				PRODUCT_NAME = "$(TARGET_NAME)";
				SWIFT_EMIT_LOC_STRINGS = NO;
				SWIFT_VERSION = 5.0;
				TEST_HOST = "$(BUILT_PRODUCTS_DIR)/MyInvoiceApp.app/$(BUNDLE_EXECUTABLE_FOLDER_PATH)/MyInvoiceApp";
			};
			name = Debug;
		};
		7F84995E2D79C6D900D5D9A7 /* Release */ = {
			isa = XCBuildConfiguration;
			buildSettings = {
				BUNDLE_LOADER = "$(TEST_HOST)";
				CODE_SIGN_STYLE = Automatic;
				CURRENT_PROJECT_VERSION = 1;
				GENERATE_INFOPLIST_FILE = YES;
				MACOSX_DEPLOYMENT_TARGET = 15.2;
				MARKETING_VERSION = 1.0;
				PRODUCT_BUNDLE_IDENTIFIER = com.bwt.MyInvoiceAppTests;
				PRODUCT_NAME = "$(TARGET_NAME)";
				SWIFT_EMIT_LOC_STRINGS = NO;
				SWIFT_VERSION = 5.0;
				TEST_HOST = "$(BUILT_PRODUCTS_DIR)/MyInvoiceApp.app/$(BUNDLE_EXECUTABLE_FOLDER_PATH)/MyInvoiceApp";
			};
			name = Release;
		};
		7F8499602D79C6D900D5D9A7 /* Debug */ = {
			isa = XCBuildConfiguration;
			buildSettings = {
				CODE_SIGN_STYLE = Automatic;
				CURRENT_PROJECT_VERSION = 1;
				GENERATE_INFOPLIST_FILE = YES;
				MARKETING_VERSION = 1.0;
				PRODUCT_BUNDLE_IDENTIFIER = com.bwt.MyInvoiceAppUITests;
				PRODUCT_NAME = "$(TARGET_NAME)";
				SWIFT_EMIT_LOC_STRINGS = NO;
				SWIFT_VERSION = 5.0;
				TEST_TARGET_NAME = MyInvoiceApp;
			};
			name = Debug;
		};
		7F8499612D79C6D900D5D9A7 /* Release */ = {
			isa = XCBuildConfiguration;
			buildSettings = {
				CODE_SIGN_STYLE = Automatic;
				CURRENT_PROJECT_VERSION = 1;
				GENERATE_INFOPLIST_FILE = YES;
				MARKETING_VERSION = 1.0;
				PRODUCT_BUNDLE_IDENTIFIER = com.bwt.MyInvoiceAppUITests;
				PRODUCT_NAME = "$(TARGET_NAME)";
				SWIFT_EMIT_LOC_STRINGS = NO;
				SWIFT_VERSION = 5.0;
				TEST_TARGET_NAME = MyInvoiceApp;
			};
			name = Release;
		};
/* End XCBuildConfiguration section */

/* Begin XCConfigurationList section */
		7F84992F2D79C6D600D5D9A7 /* Build configuration list for PBXProject "MyInvoiceApp" */ = {
			isa = XCConfigurationList;
			buildConfigurations = (
				7F8499572D79C6D900D5D9A7 /* Debug */,
				7F8499582D79C6D900D5D9A7 /* Release */,
			);
			defaultConfigurationIsVisible = 0;
			defaultConfigurationName = Release;
		};
		7F8499592D79C6D900D5D9A7 /* Build configuration list for PBXNativeTarget "MyInvoiceApp" */ = {
			isa = XCConfigurationList;
			buildConfigurations = (
				7F84995A2D79C6D900D5D9A7 /* Debug */,
				7F84995B2D79C6D900D5D9A7 /* Release */,
			);
			defaultConfigurationIsVisible = 0;
			defaultConfigurationName = Release;
		};
		7F84995C2D79C6D900D5D9A7 /* Build configuration list for PBXNativeTarget "MyInvoiceAppTests" */ = {
			isa = XCConfigurationList;
			buildConfigurations = (
				7F84995D2D79C6D900D5D9A7 /* Debug */,
				7F84995E2D79C6D900D5D9A7 /* Release */,
			);
			defaultConfigurationIsVisible = 0;
			defaultConfigurationName = Release;
		};
		7F84995F2D79C6D900D5D9A7 /* Build configuration list for PBXNativeTarget "MyInvoiceAppUITests" */ = {
			isa = XCConfigurationList;
			buildConfigurations = (
				7F8499602D79C6D900D5D9A7 /* Debug */,
				7F8499612D79C6D900D5D9A7 /* Release */,
			);
			defaultConfigurationIsVisible = 0;
			defaultConfigurationName = Release;
		};
/* End XCConfigurationList section */
	};
	rootObject = 7F84992C2D79C6D600D5D9A7 /* Project object */;
}
